
Microsoft Visual Studio Solution File, Format Version 12.00
# Visual Studio Version 16
VisualStudioVersion = 16.0.29519.87
MinimumVisualStudioVersion = 10.0.40219.1
Project("{8BC9CEB8-8B4A-11D0-8D11-00A0C91BC942}") = "Launcher", "Project1\Project1.vcxproj", "{8CA62FFD-985E-487B-B4B2-DCD4A3D61DDA}"
EndProject
Project("{FAE04EC0-301F-11D3-BF4B-00C04F79EFBC}") = "LauncherTestCs", "Project2\LauncherTestCs.csproj", "{BA900F0C-F780-4F2D-A7F2-428B427678EC}"
	ProjectSection(ProjectDependencies) = postProject
		{8CA62FFD-985E-487B-B4B2-DCD4A3D61DDA} = {8CA62FFD-985E-487B-B4B2-DCD4A3D61DDA}
	EndProjectSection
EndProject
Project("{8BC9CEB8-8B4A-11D0-8D11-00A0C91BC942}") = "LauncherTest", "Project3\Project3.vcxproj", "{3B76469E-5C9E-460E-83B0-96EF0353B621}"
EndProject
Project("{FAE04EC0-301F-11D3-BF4B-00C04F79EFBC}") = "LauncherCs", "ClassLibrary1\LauncherCs.csproj", "{20F38BC3-20CB-429B-95C6-EC997974C927}"
EndProject
Global
	GlobalSection(SolutionConfigurationPlatforms) = preSolution
		Debug|Any CPU = Debug|Any CPU
		Debug|x64 = Debug|x64
		Debug|x86 = Debug|x86
		Release|Any CPU = Release|Any CPU
		Release|x64 = Release|x64
		Release|x86 = Release|x86
	EndGlobalSection
	GlobalSection(ProjectConfigurationPlatforms) = postSolution
		{8CA62FFD-985E-487B-B4B2-DCD4A3D61DDA}.Debug|Any CPU.ActiveCfg = Debug|Win32
		{8CA62FFD-985E-487B-B4B2-DCD4A3D61DDA}.Debug|x64.ActiveCfg = Debug|x64
		{8CA62FFD-985E-487B-B4B2-DCD4A3D61DDA}.Debug|x64.Build.0 = Debug|x64
		{8CA62FFD-985E-487B-B4B2-DCD4A3D61DDA}.Debug|x86.ActiveCfg = Debug|x64
		{8CA62FFD-985E-487B-B4B2-DCD4A3D61DDA}.Debug|x86.Build.0 = Debug|x64
		{8CA62FFD-985E-487B-B4B2-DCD4A3D61DDA}.Release|Any CPU.ActiveCfg = Release|Win32
		{8CA62FFD-985E-487B-B4B2-DCD4A3D61DDA}.Release|x64.ActiveCfg = Release|x64
		{8CA62FFD-985E-487B-B4B2-DCD4A3D61DDA}.Release|x64.Build.0 = Release|x64
		{8CA62FFD-985E-487B-B4B2-DCD4A3D61DDA}.Release|x86.ActiveCfg = Release|Win32
		{8CA62FFD-985E-487B-B4B2-DCD4A3D61DDA}.Release|x86.Build.0 = Release|Win32
		{BA900F0C-F780-4F2D-A7F2-428B427678EC}.Debug|Any CPU.ActiveCfg = Debug|Any CPU
		{BA900F0C-F780-4F2D-A7F2-428B427678EC}.Debug|Any CPU.Build.0 = Debug|Any CPU
		{BA900F0C-F780-4F2D-A7F2-428B427678EC}.Debug|x64.ActiveCfg = Debug|Any CPU
		{BA900F0C-F780-4F2D-A7F2-428B427678EC}.Debug|x64.Build.0 = Debug|Any CPU
		{BA900F0C-F780-4F2D-A7F2-428B427678EC}.Debug|x86.ActiveCfg = Debug|Any CPU
		{BA900F0C-F780-4F2D-A7F2-428B427678EC}.Debug|x86.Build.0 = Debug|Any CPU
		{BA900F0C-F780-4F2D-A7F2-428B427678EC}.Release|Any CPU.ActiveCfg = Release|Any CPU
		{BA900F0C-F780-4F2D-A7F2-428B427678EC}.Release|Any CPU.Build.0 = Release|Any CPU
		{BA900F0C-F780-4F2D-A7F2-428B427678EC}.Release|x64.ActiveCfg = Release|Any CPU
		{BA900F0C-F780-4F2D-A7F2-428B427678EC}.Release|x64.Build.0 = Release|Any CPU
		{BA900F0C-F780-4F2D-A7F2-428B427678EC}.Release|x86.ActiveCfg = Release|Any CPU
		{BA900F0C-F780-4F2D-A7F2-428B427678EC}.Release|x86.Build.0 = Release|Any CPU
		{3B76469E-5C9E-460E-83B0-96EF0353B621}.Debug|Any CPU.ActiveCfg = Debug|Win32
		{3B76469E-5C9E-460E-83B0-96EF0353B621}.Debug|x64.ActiveCfg = Debug|x64
		{3B76469E-5C9E-460E-83B0-96EF0353B621}.Debug|x64.Build.0 = Debug|x64
		{3B76469E-5C9E-460E-83B0-96EF0353B621}.Debug|x86.ActiveCfg = Debug|Win32
		{3B76469E-5C9E-460E-83B0-96EF0353B621}.Debug|x86.Build.0 = Debug|Win32
		{3B76469E-5C9E-460E-83B0-96EF0353B621}.Release|Any CPU.ActiveCfg = Release|Win32
		{3B76469E-5C9E-460E-83B0-96EF0353B621}.Release|x64.ActiveCfg = Release|x64
		{3B76469E-5C9E-460E-83B0-96EF0353B621}.Release|x64.Build.0 = Release|x64
		{3B76469E-5C9E-460E-83B0-96EF0353B621}.Release|x86.ActiveCfg = Release|Win32
		{3B76469E-5C9E-460E-83B0-96EF0353B621}.Release|x86.Build.0 = Release|Win32
		{20F38BC3-20CB-429B-95C6-EC997974C927}.Debug|Any CPU.ActiveCfg = Debug|Any CPU
		{20F38BC3-20CB-429B-95C6-EC997974C927}.Debug|Any CPU.Build.0 = Debug|Any CPU
		{20F38BC3-20CB-429B-95C6-EC997974C927}.Debug|x64.ActiveCfg = Debug|Any CPU
		{20F38BC3-20CB-429B-95C6-EC997974C927}.Debug|x64.Build.0 = Debug|Any CPU
		{20F38BC3-20CB-429B-95C6-EC997974C927}.Debug|x86.ActiveCfg = Debug|Any CPU
		{20F38BC3-20CB-429B-95C6-EC997974C927}.Debug|x86.Build.0 = Debug|Any CPU
		{20F38BC3-20CB-429B-95C6-EC997974C927}.Release|Any CPU.ActiveCfg = Release|Any CPU
		{20F38BC3-20CB-429B-95C6-EC997974C927}.Release|Any CPU.Build.0 = Release|Any CPU
		{20F38BC3-20CB-429B-95C6-EC997974C927}.Release|x64.ActiveCfg = Release|Any CPU
		{20F38BC3-20CB-429B-95C6-EC997974C927}.Release|x64.Build.0 = Release|Any CPU
		{20F38BC3-20CB-429B-95C6-EC997974C927}.Release|x86.ActiveCfg = Release|Any CPU
		{20F38BC3-20CB-429B-95C6-EC997974C927}.Release|x86.Build.0 = Release|Any CPU
	EndGlobalSection
	GlobalSection(SolutionProperties) = preSolution
		HideSolutionNode = FALSE
	EndGlobalSection
	GlobalSection(ExtensibilityGlobals) = postSolution
		SolutionGuid = {C430E2C1-6EC5-4D63-84D3-241BB1CF5757}
	EndGlobalSection
EndGlobal
